{
  "name": "Mickeys Combo Attys",
  "lockfileVersion": 2,
  "requires": true,
  "packages": {
    "": {
      "dependencies": {
        "pandas": "^0.0.3",
        "python": "^0.0.4"
      }
    },
    "node_modules/pandas": {
      "version": "0.0.3",
      "resolved": "https://registry.npmjs.org/pandas/-/pandas-0.0.3.tgz",
      "integrity": "sha1-KhGwIHTw/8wHKccyNVcuWtuw8fc="
    },
    "node_modules/python": {
      "version": "0.0.4",
      "resolved": "https://registry.npmjs.org/python/-/python-0.0.4.tgz",
      "integrity": "sha1-MJTomO8Xozqpw+lzs4SKOOR9GBg=",
      "engines": {
        "node": ">= 0.4.1"
      }
    }
  },
  "dependencies": {
    "pandas": {
      "version": "0.0.3",
      "resolved": "https://registry.npmjs.org/pandas/-/pandas-0.0.3.tgz",
      "integrity": "sha1-KhGwIHTw/8wHKccyNVcuWtuw8fc="
    },
    "python": {
      "version": "0.0.4",
      "resolved": "https://registry.npmjs.org/python/-/python-0.0.4.tgz",
      "integrity": "sha1-MJTomO8Xozqpw+lzs4SKOOR9GBg="
    }
  }
}
